// !$*UTF8*$!
{
	archiveVersion = 1;
	classes = {
	};
	objectVersion = 77;
	objects = {

/* Begin PBXBuildFile section */
		29200F7B2CD12FC8000F5C8B /* CreditsView.swift in Sources */ = {isa = PBXBuildFile; fileRef = 29200F7A2CD12FC8000F5C8B /* CreditsView.swift */; };
		29200F7E2CD1309D000F5C8B /* HeaderView.swift in Sources */ = {isa = PBXBuildFile; fileRef = 29200F7D2CD1309D000F5C8B /* HeaderView.swift */; };
		292938222CD03E4400D05860 /* ContentView.swift in Sources */ = {isa = PBXBuildFile; fileRef = 2929381D2CD03E4400D05860 /* ContentView.swift */; };
		292938232CD03E4400D05860 /* NotesApp.swift in Sources */ = {isa = PBXBuildFile; fileRef = 292938202CD03E4400D05860 /* NotesApp.swift */; };
		292938242CD03E4400D05860 /* Preview Assets.xcassets in Resources */ = {isa = PBXBuildFile; fileRef = 2929381B2CD03E4400D05860 /* Preview Assets.xcassets */; };
		292938252CD03E4400D05860 /* Assets.xcassets in Resources */ = {isa = PBXBuildFile; fileRef = 2929381F2CD03E4400D05860 /* Assets.xcassets */; };
		292938282CD03E5700D05860 /* Note.swift in Sources */ = {isa = PBXBuildFile; fileRef = 292938272CD03E5700D05860 /* Note.swift */; };
		29430C0A2CD0FF1200026DDD /* DetailView.swift in Sources */ = {isa = PBXBuildFile; fileRef = 29430C092CD0FF1200026DDD /* DetailView.swift */; };
		29430C0F2CD1019500026DDD /* Constant.swift in Sources */ = {isa = PBXBuildFile; fileRef = 29430C0E2CD1019500026DDD /* Constant.swift */; };
		29965CA22CD165DF00BD9B81 /* SettingsView.swift in Sources */ = {isa = PBXBuildFile; fileRef = 29965CA12CD165DF00BD9B81 /* SettingsView.swift */; };
		29A6208A2CD0360000489DA8 /* Notes Watch App.app in Embed Watch Content */ = {isa = PBXBuildFile; fileRef = 29A620892CD0360000489DA8 /* Notes Watch App.app */; settings = {ATTRIBUTES = (RemoveHeadersOnCopy, ); }; };
/* End PBXBuildFile section */

/* Begin PBXContainerItemProxy section */
		29A6208B2CD0360000489DA8 /* PBXContainerItemProxy */ = {
			isa = PBXContainerItemProxy;
			containerPortal = 29A6207D2CD0360000489DA8 /* Project object */;
			proxyType = 1;
			remoteGlobalIDString = 29A620882CD0360000489DA8;
			remoteInfo = "Notes Watch App";
		};
/* End PBXContainerItemProxy section */

/* Begin PBXCopyFilesBuildPhase section */
		29A6209C2CD0360200489DA8 /* Embed Watch Content */ = {
			isa = PBXCopyFilesBuildPhase;
			buildActionMask = 2147483647;
			dstPath = "$(CONTENTS_FOLDER_PATH)/Watch";
			dstSubfolderSpec = 16;
			files = (
				29A6208A2CD0360000489DA8 /* Notes Watch App.app in Embed Watch Content */,
			);
			name = "Embed Watch Content";
			runOnlyForDeploymentPostprocessing = 0;
		};
/* End PBXCopyFilesBuildPhase section */

/* Begin PBXFileReference section */
		29200F7A2CD12FC8000F5C8B /* CreditsView.swift */ = {isa = PBXFileReference; lastKnownFileType = sourcecode.swift; path = CreditsView.swift; sourceTree = "<group>"; };
		29200F7D2CD1309D000F5C8B /* HeaderView.swift */ = {isa = PBXFileReference; lastKnownFileType = sourcecode.swift; path = HeaderView.swift; sourceTree = "<group>"; };
		2929381B2CD03E4400D05860 /* Preview Assets.xcassets */ = {isa = PBXFileReference; lastKnownFileType = folder.assetcatalog; path = "Preview Assets.xcassets"; sourceTree = "<group>"; };
		2929381D2CD03E4400D05860 /* ContentView.swift */ = {isa = PBXFileReference; lastKnownFileType = sourcecode.swift; path = ContentView.swift; sourceTree = "<group>"; };
		2929381F2CD03E4400D05860 /* Assets.xcassets */ = {isa = PBXFileReference; lastKnownFileType = folder.assetcatalog; path = Assets.xcassets; sourceTree = "<group>"; };
		292938202CD03E4400D05860 /* NotesApp.swift */ = {isa = PBXFileReference; lastKnownFileType = sourcecode.swift; path = NotesApp.swift; sourceTree = "<group>"; };
		292938272CD03E5700D05860 /* Note.swift */ = {isa = PBXFileReference; lastKnownFileType = sourcecode.swift; path = Note.swift; sourceTree = "<group>"; };
		29430C092CD0FF1200026DDD /* DetailView.swift */ = {isa = PBXFileReference; lastKnownFileType = sourcecode.swift; path = DetailView.swift; sourceTree = "<group>"; };
		29430C0E2CD1019500026DDD /* Constant.swift */ = {isa = PBXFileReference; lastKnownFileType = sourcecode.swift; path = Constant.swift; sourceTree = "<group>"; };
		29965CA12CD165DF00BD9B81 /* SettingsView.swift */ = {isa = PBXFileReference; lastKnownFileType = sourcecode.swift; path = SettingsView.swift; sourceTree = "<group>"; };
		29A620832CD0360000489DA8 /* Notes.app */ = {isa = PBXFileReference; explicitFileType = wrapper.application; includeInIndex = 0; path = Notes.app; sourceTree = BUILT_PRODUCTS_DIR; };
		29A620892CD0360000489DA8 /* Notes Watch App.app */ = {isa = PBXFileReference; explicitFileType = wrapper.application; includeInIndex = 0; path = "Notes Watch App.app"; sourceTree = BUILT_PRODUCTS_DIR; };
/* End PBXFileReference section */

/* Begin PBXFrameworksBuildPhase section */
		29A620862CD0360000489DA8 /* Frameworks */ = {
			isa = PBXFrameworksBuildPhase;
			buildActionMask = 2147483647;
			files = (
			);
			runOnlyForDeploymentPostprocessing = 0;
		};
/* End PBXFrameworksBuildPhase section */

/* Begin PBXGroup section */
		29200F7C2CD13087000F5C8B /* Component */ = {
			isa = PBXGroup;
			children = (
				29200F7D2CD1309D000F5C8B /* HeaderView.swift */,
			);
			path = Component;
			sourceTree = "<group>";
		};
		2929381C2CD03E4400D05860 /* Preview Content */ = {
			isa = PBXGroup;
			children = (
				2929381B2CD03E4400D05860 /* Preview Assets.xcassets */,
			);
			path = "Preview Content";
			sourceTree = "<group>";
		};
		2929381E2CD03E4400D05860 /* View */ = {
			isa = PBXGroup;
			children = (
				2929381D2CD03E4400D05860 /* ContentView.swift */,
				29430C092CD0FF1200026DDD /* DetailView.swift */,
				29200F7A2CD12FC8000F5C8B /* CreditsView.swift */,
				29965CA12CD165DF00BD9B81 /* SettingsView.swift */,
			);
			path = View;
			sourceTree = "<group>";
		};
		292938212CD03E4400D05860 /* Notes Watch App */ = {
			isa = PBXGroup;
			children = (
				29200F7C2CD13087000F5C8B /* Component */,
				29430C0B2CD1015C00026DDD /* Utility */,
				292938262CD03E4800D05860 /* Model */,
				2929381E2CD03E4400D05860 /* View */,
				2929381F2CD03E4400D05860 /* Assets.xcassets */,
				292938202CD03E4400D05860 /* NotesApp.swift */,
				2929381C2CD03E4400D05860 /* Preview Content */,
			);
			path = "Notes Watch App";
			sourceTree = "<group>";
		};
		292938262CD03E4800D05860 /* Model */ = {
			isa = PBXGroup;
			children = (
				292938272CD03E5700D05860 /* Note.swift */,
			);
			path = Model;
			sourceTree = "<group>";
		};
		29430C0B2CD1015C00026DDD /* Utility */ = {
			isa = PBXGroup;
			children = (
				29430C0E2CD1019500026DDD /* Constant.swift */,
			);
			path = Utility;
			sourceTree = "<group>";
		};
		29A6207C2CD0360000489DA8 = {
			isa = PBXGroup;
			children = (
				292938212CD03E4400D05860 /* Notes Watch App */,
				29A620842CD0360000489DA8 /* Products */,
			);
			sourceTree = "<group>";
		};
		29A620842CD0360000489DA8 /* Products */ = {
			isa = PBXGroup;
			children = (
				29A620832CD0360000489DA8 /* Notes.app */,
				29A620892CD0360000489DA8 /* Notes Watch App.app */,
			);
			name = Products;
			sourceTree = "<group>";
		};
/* End PBXGroup section */

/* Begin PBXNativeTarget section */
		29A620822CD0360000489DA8 /* Notes */ = {
			isa = PBXNativeTarget;
			buildConfigurationList = 29A6209D2CD0360200489DA8 /* Build configuration list for PBXNativeTarget "Notes" */;
			buildPhases = (
				29A620812CD0360000489DA8 /* Resources */,
				29A6209C2CD0360200489DA8 /* Embed Watch Content */,
			);
			buildRules = (
			);
			dependencies = (
				29A6208C2CD0360000489DA8 /* PBXTargetDependency */,
			);
			name = Notes;
			packageProductDependencies = (
			);
			productName = Notes;
			productReference = 29A620832CD0360000489DA8 /* Notes.app */;
			productType = "com.apple.product-type.application.watchapp2-container";
		};
		29A620882CD0360000489DA8 /* Notes Watch App */ = {
			isa = PBXNativeTarget;
			buildConfigurationList = 29A620992CD0360200489DA8 /* Build configuration list for PBXNativeTarget "Notes Watch App" */;
			buildPhases = (
				29A620852CD0360000489DA8 /* Sources */,
				29A620862CD0360000489DA8 /* Frameworks */,
				29A620872CD0360000489DA8 /* Resources */,
			);
			buildRules = (
			);
			dependencies = (
			);
			name = "Notes Watch App";
			packageProductDependencies = (
			);
			productName = "Notes Watch App";
			productReference = 29A620892CD0360000489DA8 /* Notes Watch App.app */;
			productType = "com.apple.product-type.application";
		};
/* End PBXNativeTarget section */

/* Begin PBXProject section */
		29A6207D2CD0360000489DA8 /* Project object */ = {
			isa = PBXProject;
			attributes = {
				BuildIndependentTargetsInParallel = 1;
				LastSwiftUpdateCheck = 1600;
				LastUpgradeCheck = 1600;
				TargetAttributes = {
					29A620822CD0360000489DA8 = {
						CreatedOnToolsVersion = 16.0;
					};
					29A620882CD0360000489DA8 = {
						CreatedOnToolsVersion = 16.0;
					};
				};
			};
			buildConfigurationList = 29A620802CD0360000489DA8 /* Build configuration list for PBXProject "Notes" */;
			developmentRegion = en;
			hasScannedForEncodings = 0;
			knownRegions = (
				en,
				Base,
			);
			mainGroup = 29A6207C2CD0360000489DA8;
			minimizedProjectReferenceProxies = 1;
			preferredProjectObjectVersion = 77;
			productRefGroup = 29A620842CD0360000489DA8 /* Products */;
			projectDirPath = "";
			projectRoot = "";
			targets = (
				29A620822CD0360000489DA8 /* Notes */,
				29A620882CD0360000489DA8 /* Notes Watch App */,
			);
		};
/* End PBXProject section */

/* Begin PBXResourcesBuildPhase section */
		29A620812CD0360000489DA8 /* Resources */ = {
			isa = PBXResourcesBuildPhase;
			buildActionMask = 2147483647;
			files = (
			);
			runOnlyForDeploymentPostprocessing = 0;
		};
		29A620872CD0360000489DA8 /* Resources */ = {
			isa = PBXResourcesBuildPhase;
			buildActionMask = 2147483647;
			files = (
				292938242CD03E4400D05860 /* Preview Assets.xcassets in Resources */,
				292938252CD03E4400D05860 /* Assets.xcassets in Resources */,
			);
			runOnlyForDeploymentPostprocessing = 0;
		};
/* End PBXResourcesBuildPhase section */

/* Begin PBXSourcesBuildPhase section */
		29A620852CD0360000489DA8 /* Sources */ = {
			isa = PBXSourcesBuildPhase;
			buildActionMask = 2147483647;
			files = (
				292938222CD03E4400D05860 /* ContentView.swift in Sources */,
				29965CA22CD165DF00BD9B81 /* SettingsView.swift in Sources */,
				29430C0A2CD0FF1200026DDD /* DetailView.swift in Sources */,
				29430C0F2CD1019500026DDD /* Constant.swift in Sources */,
				29200F7B2CD12FC8000F5C8B /* CreditsView.swift in Sources */,
				292938232CD03E4400D05860 /* NotesApp.swift in Sources */,
				292938282CD03E5700D05860 /* Note.swift in Sources */,
				29200F7E2CD1309D000F5C8B /* HeaderView.swift in Sources */,
			);
			runOnlyForDeploymentPostprocessing = 0;
		};
/* End PBXSourcesBuildPhase section */

/* Begin PBXTargetDependency section */
		29A6208C2CD0360000489DA8 /* PBXTargetDependency */ = {
			isa = PBXTargetDependency;
			target = 29A620882CD0360000489DA8 /* Notes Watch App */;
			targetProxy = 29A6208B2CD0360000489DA8 /* PBXContainerItemProxy */;
		};
/* End PBXTargetDependency section */

/* Begin XCBuildConfiguration section */
		29A620972CD0360200489DA8 /* Debug */ = {
			isa = XCBuildConfiguration;
			buildSettings = {
				ALWAYS_SEARCH_USER_PATHS = NO;
				ASSETCATALOG_COMPILER_GENERATE_SWIFT_ASSET_SYMBOL_EXTENSIONS = YES;
				CLANG_ANALYZER_NONNULL = YES;
				CLANG_ANALYZER_NUMBER_OBJECT_CONVERSION = YES_AGGRESSIVE;
				CLANG_CXX_LANGUAGE_STANDARD = "gnu++20";
				CLANG_ENABLE_MODULES = YES;
				CLANG_ENABLE_OBJC_ARC = YES;
				CLANG_ENABLE_OBJC_WEAK = YES;
				CLANG_WARN_BLOCK_CAPTURE_AUTORELEASING = YES;
				CLANG_WARN_BOOL_CONVERSION = YES;
				CLANG_WARN_COMMA = YES;
				CLANG_WARN_CONSTANT_CONVERSION = YES;
				CLANG_WARN_DEPRECATED_OBJC_IMPLEMENTATIONS = YES;
				CLANG_WARN_DIRECT_OBJC_ISA_USAGE = YES_ERROR;
				CLANG_WARN_DOCUMENTATION_COMMENTS = YES;
				CLANG_WARN_EMPTY_BODY = YES;
				CLANG_WARN_ENUM_CONVERSION = YES;
				CLANG_WARN_INFINITE_RECURSION = YES;
				CLANG_WARN_INT_CONVERSION = YES;
				CLANG_WARN_NON_LITERAL_NULL_CONVERSION = YES;
				CLANG_WARN_OBJC_IMPLICIT_RETAIN_SELF = YES;
				CLANG_WARN_OBJC_LITERAL_CONVERSION = YES;
				CLANG_WARN_OBJC_ROOT_CLASS = YES_ERROR;
				CLANG_WARN_QUOTED_INCLUDE_IN_FRAMEWORK_HEADER = YES;
				CLANG_WARN_RANGE_LOOP_ANALYSIS = YES;
				CLANG_WARN_STRICT_PROTOTYPES = YES;
				CLANG_WARN_SUSPICIOUS_MOVE = YES;
				CLANG_WARN_UNGUARDED_AVAILABILITY = YES_AGGRESSIVE;
				CLANG_WARN_UNREACHABLE_CODE = YES;
				CLANG_WARN__DUPLICATE_METHOD_MATCH = YES;
				COPY_PHASE_STRIP = NO;
				DEBUG_INFORMATION_FORMAT = dwarf;
				ENABLE_STRICT_OBJC_MSGSEND = YES;
				ENABLE_TESTABILITY = YES;
				ENABLE_USER_SCRIPT_SANDBOXING = YES;
				GCC_C_LANGUAGE_STANDARD = gnu17;
				GCC_DYNAMIC_NO_PIC = NO;
				GCC_NO_COMMON_BLOCKS = YES;
				GCC_OPTIMIZATION_LEVEL = 0;
				GCC_PREPROCESSOR_DEFINITIONS = (
					"DEBUG=1",
					"$(inherited)",
				);
				GCC_WARN_64_TO_32_BIT_CONVERSION = YES;
				GCC_WARN_ABOUT_RETURN_TYPE = YES_ERROR;
				GCC_WARN_UNDECLARED_SELECTOR = YES;
				GCC_WARN_UNINITIALIZED_AUTOS = YES_AGGRESSIVE;
				GCC_WARN_UNUSED_FUNCTION = YES;
				GCC_WARN_UNUSED_VARIABLE = YES;
				LOCALIZATION_PREFERS_STRING_CATALOGS = YES;
				MTL_ENABLE_DEBUG_INFO = INCLUDE_SOURCE;
				MTL_FAST_MATH = YES;
				ONLY_ACTIVE_ARCH = YES;
				SWIFT_ACTIVE_COMPILATION_CONDITIONS = "DEBUG $(inherited)";
				SWIFT_OPTIMIZATION_LEVEL = "-Onone";
			};
			name = Debug;
		};
		29A620982CD0360200489DA8 /* Release */ = {
			isa = XCBuildConfiguration;
			buildSettings = {
				ALWAYS_SEARCH_USER_PATHS = NO;
				ASSETCATALOG_COMPILER_GENERATE_SWIFT_ASSET_SYMBOL_EXTENSIONS = YES;
				CLANG_ANALYZER_NONNULL = YES;
				CLANG_ANALYZER_NUMBER_OBJECT_CONVERSION = YES_AGGRESSIVE;
				CLANG_CXX_LANGUAGE_STANDARD = "gnu++20";
				CLANG_ENABLE_MODULES = YES;
				CLANG_ENABLE_OBJC_ARC = YES;
				CLANG_ENABLE_OBJC_WEAK = YES;
				CLANG_WARN_BLOCK_CAPTURE_AUTORELEASING = YES;
				CLANG_WARN_BOOL_CONVERSION = YES;
				CLANG_WARN_COMMA = YES;
				CLANG_WARN_CONSTANT_CONVERSION = YES;
				CLANG_WARN_DEPRECATED_OBJC_IMPLEMENTATIONS = YES;
				CLANG_WARN_DIRECT_OBJC_ISA_USAGE = YES_ERROR;
				CLANG_WARN_DOCUMENTATION_COMMENTS = YES;
				CLANG_WARN_EMPTY_BODY = YES;
				CLANG_WARN_ENUM_CONVERSION = YES;
				CLANG_WARN_INFINITE_RECURSION = YES;
				CLANG_WARN_INT_CONVERSION = YES;
				CLANG_WARN_NON_LITERAL_NULL_CONVERSION = YES;
				CLANG_WARN_OBJC_IMPLICIT_RETAIN_SELF = YES;
				CLANG_WARN_OBJC_LITERAL_CONVERSION = YES;
				CLANG_WARN_OBJC_ROOT_CLASS = YES_ERROR;
				CLANG_WARN_QUOTED_INCLUDE_IN_FRAMEWORK_HEADER = YES;
				CLANG_WARN_RANGE_LOOP_ANALYSIS = YES;
				CLANG_WARN_STRICT_PROTOTYPES = YES;
				CLANG_WARN_SUSPICIOUS_MOVE = YES;
				CLANG_WARN_UNGUARDED_AVAILABILITY = YES_AGGRESSIVE;
				CLANG_WARN_UNREACHABLE_CODE = YES;
				CLANG_WARN__DUPLICATE_METHOD_MATCH = YES;
				COPY_PHASE_STRIP = NO;
				DEBUG_INFORMATION_FORMAT = "dwarf-with-dsym";
				ENABLE_NS_ASSERTIONS = NO;
				ENABLE_STRICT_OBJC_MSGSEND = YES;
				ENABLE_USER_SCRIPT_SANDBOXING = YES;
				GCC_C_LANGUAGE_STANDARD = gnu17;
				GCC_NO_COMMON_BLOCKS = YES;
				GCC_WARN_64_TO_32_BIT_CONVERSION = YES;
				GCC_WARN_ABOUT_RETURN_TYPE = YES_ERROR;
				GCC_WARN_UNDECLARED_SELECTOR = YES;
				GCC_WARN_UNINITIALIZED_AUTOS = YES_AGGRESSIVE;
				GCC_WARN_UNUSED_FUNCTION = YES;
				GCC_WARN_UNUSED_VARIABLE = YES;
				LOCALIZATION_PREFERS_STRING_CATALOGS = YES;
				MTL_ENABLE_DEBUG_INFO = NO;
				MTL_FAST_MATH = YES;
				SWIFT_COMPILATION_MODE = wholemodule;
			};
			name = Release;
		};
		29A6209A2CD0360200489DA8 /* Debug */ = {
			isa = XCBuildConfiguration;
			buildSettings = {
				ASSETCATALOG_COMPILER_APPICON_NAME = AppIcon;
				ASSETCATALOG_COMPILER_GLOBAL_ACCENT_COLOR_NAME = AccentColor;
				CODE_SIGN_STYLE = Automatic;
				CURRENT_PROJECT_VERSION = 1;
				DEVELOPMENT_ASSET_PATHS = "\"Notes Watch App/Preview Content\"";
				DEVELOPMENT_TEAM = BL7L4PWZN6;
				ENABLE_PREVIEWS = YES;
				GENERATE_INFOPLIST_FILE = YES;
				INFOPLIST_KEY_CFBundleDisplayName = Notes;
				INFOPLIST_KEY_UISupportedInterfaceOrientations = "UIInterfaceOrientationPortrait UIInterfaceOrientationPortraitUpsideDown";
				INFOPLIST_KEY_WKWatchOnly = YES;
				LD_RUNPATH_SEARCH_PATHS = (
					"$(inherited)",
					"@executable_path/Frameworks",
				);
				MARKETING_VERSION = 1.0;
				PRODUCT_BUNDLE_IDENTIFIER = com.zephyr.Notes.watchkitapp;
				PRODUCT_NAME = "$(TARGET_NAME)";
				SDKROOT = watchos;
				SKIP_INSTALL = YES;
				SWIFT_EMIT_LOC_STRINGS = YES;
				SWIFT_VERSION = 5.0;
				TARGETED_DEVICE_FAMILY = 4;
				WATCHOS_DEPLOYMENT_TARGET = 11.0;
			};
			name = Debug;
		};
		29A6209B2CD0360200489DA8 /* Release */ = {
			isa = XCBuildConfiguration;
			buildSettings = {
				ASSETCATALOG_COMPILER_APPICON_NAME = AppIcon;
				ASSETCATALOG_COMPILER_GLOBAL_ACCENT_COLOR_NAME = AccentColor;
				CODE_SIGN_STYLE = Automatic;
				CURRENT_PROJECT_VERSION = 1;
				DEVELOPMENT_ASSET_PATHS = "\"Notes Watch App/Preview Content\"";
				DEVELOPMENT_TEAM = BL7L4PWZN6;
				ENABLE_PREVIEWS = YES;
				GENERATE_INFOPLIST_FILE = YES;
				INFOPLIST_KEY_CFBundleDisplayName = Notes;
				INFOPLIST_KEY_UISupportedInterfaceOrientations = "UIInterfaceOrientationPortrait UIInterfaceOrientationPortraitUpsideDown";
				INFOPLIST_KEY_WKWatchOnly = YES;
				LD_RUNPATH_SEARCH_PATHS = (
					"$(inherited)",
					"@executable_path/Frameworks",
				);
				MARKETING_VERSION = 1.0;
				PRODUCT_BUNDLE_IDENTIFIER = com.zephyr.Notes.watchkitapp;
				PRODUCT_NAME = "$(TARGET_NAME)";
				SDKROOT = watchos;
				SKIP_INSTALL = YES;
				SWIFT_EMIT_LOC_STRINGS = YES;
				SWIFT_VERSION = 5.0;
				TARGETED_DEVICE_FAMILY = 4;
				VALIDATE_PRODUCT = YES;
				WATCHOS_DEPLOYMENT_TARGET = 11.0;
			};
			name = Release;
		};
		29A6209E2CD0360200489DA8 /* Debug */ = {
			isa = XCBuildConfiguration;
			buildSettings = {
				CODE_SIGN_STYLE = Automatic;
				CURRENT_PROJECT_VERSION = 1;
				DEVELOPMENT_TEAM = BL7L4PWZN6;
				INFOPLIST_KEY_CFBundleDisplayName = Notes;
				MARKETING_VERSION = 1.0;
				PRODUCT_BUNDLE_IDENTIFIER = com.zephyr.Notes;
				PRODUCT_NAME = "$(TARGET_NAME)";
				SDKROOT = iphoneos;
				SWIFT_VERSION = 5.0;
			};
			name = Debug;
		};
		29A6209F2CD0360200489DA8 /* Release */ = {
			isa = XCBuildConfiguration;
			buildSettings = {
				CODE_SIGN_STYLE = Automatic;
				CURRENT_PROJECT_VERSION = 1;
				DEVELOPMENT_TEAM = BL7L4PWZN6;
				INFOPLIST_KEY_CFBundleDisplayName = Notes;
				MARKETING_VERSION = 1.0;
				PRODUCT_BUNDLE_IDENTIFIER = com.zephyr.Notes;
				PRODUCT_NAME = "$(TARGET_NAME)";
				SDKROOT = iphoneos;
				SWIFT_VERSION = 5.0;
				VALIDATE_PRODUCT = YES;
			};
			name = Release;
		};
/* End XCBuildConfiguration section */

/* Begin XCConfigurationList section */
		29A620802CD0360000489DA8 /* Build configuration list for PBXProject "Notes" */ = {
			isa = XCConfigurationList;
			buildConfigurations = (
				29A620972CD0360200489DA8 /* Debug */,
				29A620982CD0360200489DA8 /* Release */,
			);
			defaultConfigurationIsVisible = 0;
			defaultConfigurationName = Release;
		};
		29A620992CD0360200489DA8 /* Build configuration list for PBXNativeTarget "Notes Watch App" */ = {
			isa = XCConfigurationList;
			buildConfigurations = (
				29A6209A2CD0360200489DA8 /* Debug */,
				29A6209B2CD0360200489DA8 /* Release */,
			);
			defaultConfigurationIsVisible = 0;
			defaultConfigurationName = Release;
		};
		29A6209D2CD0360200489DA8 /* Build configuration list for PBXNativeTarget "Notes" */ = {
			isa = XCConfigurationList;
			buildConfigurations = (
				29A6209E2CD0360200489DA8 /* Debug */,
				29A6209F2CD0360200489DA8 /* Release */,
			);
			defaultConfigurationIsVisible = 0;
			defaultConfigurationName = Release;
		};
/* End XCConfigurationList section */
	};
	rootObject = 29A6207D2CD0360000489DA8 /* Project object */;
}
